
Microsoft Visual Studio Solution File, Format Version 12.00
# Visual Studio 15
VisualStudioVersion = 15.0.28307.168
MinimumVisualStudioVersion = 10.0.40219.1
Project("{2150E333-8FDC-42A3-9474-1A3956D46DE8}") = "Database", "Database", "{CA7F123E-4B8A-4EA4-8FD6-686D61543EE4}"
EndProject
Project("{2150E333-8FDC-42A3-9474-1A3956D46DE8}") = "Testing", "Testing", "{16C28A52-18DF-4C94-9CFD-5FC00CA799A1}"
EndProject
Project("{2150E333-8FDC-42A3-9474-1A3956D46DE8}") = "Core", "Core", "{F861A066-33EB-4C7C-8E63-60AEFF6CEC14}"
EndProject
Project("{2150E333-8FDC-42A3-9474-1A3956D46DE8}") = "IoC", "IoC", "{760F3913-B769-4396-ADA5-8109E99D6723}"
EndProject
Project("{2150E333-8FDC-42A3-9474-1A3956D46DE8}") = "FrontEnd", "FrontEnd", "{A5E4F5F7-F94C-4370-8613-F63D96150635}"
EndProject
Project("{2150E333-8FDC-42A3-9474-1A3956D46DE8}") = "Logic", "Logic", "{051E6C9F-E9D1-44A9-A584-7BB1AB7042CD}"
EndProject
Project("{FAE04EC0-301F-11D3-BF4B-00C04F79EFBC}") = "WS.Database.Domain", "Database\WS.Database.Domain\WS.Database.Domain.csproj", "{046F0A54-6E25-4F39-BBEA-3967905A8D6C}"
EndProject
Project("{FAE04EC0-301F-11D3-BF4B-00C04F79EFBC}") = "WS.Database.Configuration", "Database\WS.Database.Configuration\WS.Database.Configuration.csproj", "{02BD9B9C-CC74-4D9E-B0A4-57F9367AF867}"
EndProject
Project("{FAE04EC0-301F-11D3-BF4B-00C04F79EFBC}") = "WS.Database.Bootstrap", "Database\WS.Database.Migrations\WS.Database.Bootstrap.csproj", "{BF914190-6375-4F58-8240-A62CFD8EF153}"
EndProject
Project("{FAE04EC0-301F-11D3-BF4B-00C04F79EFBC}") = "WS.Database.Access", "Database\WS.Database.Access\WS.Database.Access.csproj", "{3A511F93-CD07-484C-9075-89BFF7EE5F38}"
EndProject
Project("{FAE04EC0-301F-11D3-BF4B-00C04F79EFBC}") = "WS.Core.Toolbox", "Core\WS.Core.Toolbox\WS.Core.Toolbox.csproj", "{0F15A2A7-DB0D-4F9C-B5F4-B008B18246BA}"
EndProject
Project("{FAE04EC0-301F-11D3-BF4B-00C04F79EFBC}") = "WS.Testing.Core", "Testing\WS.Testing.Core\WS.Testing.Core.csproj", "{9C5F6717-AA3F-461F-9083-DDB906536B50}"
EndProject
Project("{FAE04EC0-301F-11D3-BF4B-00C04F79EFBC}") = "WS.IoC.Config", "IoC\WS.IoC.Config\WS.IoC.Config.csproj", "{E47C9916-4CAF-4C8D-90A2-0CA6E25044CC}"
EndProject
Project("{FAE04EC0-301F-11D3-BF4B-00C04F79EFBC}") = "WS.IoC.Container", "IoC\WS.IoC.Container\WS.IoC.Container.csproj", "{22A2D9C3-570F-452A-810A-988D376CD2E8}"
EndProject
Project("{FAE04EC0-301F-11D3-BF4B-00C04F79EFBC}") = "WS.FrontEnd.WebApi", "FrontEnd\WS.FrontEnd.WebApi\WS.FrontEnd.WebApi.csproj", "{8137BB66-337C-4E30-874F-C325B0145414}"
EndProject
Project("{FAE04EC0-301F-11D3-BF4B-00C04F79EFBC}") = "WS.Contracts.Contracts", "FrontEnd\WS.FrontEnd.ApiContracts\WS.Contracts.Contracts.csproj", "{FEF340DB-BD1C-4BA0-B235-DE3C4568FDDB}"
EndProject
Project("{9A19103F-16F7-4668-BE54-9A1E7A4F7556}") = "WS.FrontEnd.Client", "FrontEnd\WS.FrontEnd.Client\WS.FrontEnd.Client.csproj", "{05BE1200-279F-4B02-A245-1C22144C179E}"
	ProjectSection(ProjectDependencies) = postProject
		{8137BB66-337C-4E30-874F-C325B0145414} = {8137BB66-337C-4E30-874F-C325B0145414}
	EndProjectSection
EndProject
Project("{FAE04EC0-301F-11D3-BF4B-00C04F79EFBC}") = "WS.Logic.Products", "Logic\WS.Logic.ProductLogic\WS.Logic.Products.csproj", "{D39A4061-ADAA-4D7D-B919-5FAFC4B6987E}"
EndProject
Project("{FAE04EC0-301F-11D3-BF4B-00C04F79EFBC}") = "WS.Logic.Core", "Logic\WS.Logic.Operationals\WS.Logic.Core.csproj", "{7BFF1FA9-04E3-4817-B220-604CC2416C93}"
EndProject
Project("{FAE04EC0-301F-11D3-BF4B-00C04F79EFBC}") = "WS.Testing.ServiceIntegration", "Testing\WS.Testing.ServiceIntegration\WS.Testing.ServiceIntegration.csproj", "{D6E38879-722D-44BA-80D6-ED0F2F8D5F78}"
EndProject
Project("{FAE04EC0-301F-11D3-BF4B-00C04F79EFBC}") = "WS.Testing.DataAccess", "Testing\WS.Testing.DataAccess\WS.Testing.DataAccess.csproj", "{82604F3E-9EAD-44A9-B735-33D6A948401F}"
EndProject
Project("{FAE04EC0-301F-11D3-BF4B-00C04F79EFBC}") = "WS.FrontEnd.Console", "FrontEnd\WS.FrontEnd.Console\WS.FrontEnd.Console.csproj", "{A4520ADE-C2DD-4B48-85BC-F4E2BA5F06CF}"
EndProject
Global
	GlobalSection(SolutionConfigurationPlatforms) = preSolution
		Debug|Any CPU = Debug|Any CPU
		Release|Any CPU = Release|Any CPU
	EndGlobalSection
	GlobalSection(ProjectConfigurationPlatforms) = postSolution
		{046F0A54-6E25-4F39-BBEA-3967905A8D6C}.Debug|Any CPU.ActiveCfg = Debug|Any CPU
		{046F0A54-6E25-4F39-BBEA-3967905A8D6C}.Debug|Any CPU.Build.0 = Debug|Any CPU
		{046F0A54-6E25-4F39-BBEA-3967905A8D6C}.Release|Any CPU.ActiveCfg = Release|Any CPU
		{046F0A54-6E25-4F39-BBEA-3967905A8D6C}.Release|Any CPU.Build.0 = Release|Any CPU
		{02BD9B9C-CC74-4D9E-B0A4-57F9367AF867}.Debug|Any CPU.ActiveCfg = Debug|Any CPU
		{02BD9B9C-CC74-4D9E-B0A4-57F9367AF867}.Debug|Any CPU.Build.0 = Debug|Any CPU
		{02BD9B9C-CC74-4D9E-B0A4-57F9367AF867}.Release|Any CPU.ActiveCfg = Release|Any CPU
		{02BD9B9C-CC74-4D9E-B0A4-57F9367AF867}.Release|Any CPU.Build.0 = Release|Any CPU
		{BF914190-6375-4F58-8240-A62CFD8EF153}.Debug|Any CPU.ActiveCfg = Debug|Any CPU
		{BF914190-6375-4F58-8240-A62CFD8EF153}.Debug|Any CPU.Build.0 = Debug|Any CPU
		{BF914190-6375-4F58-8240-A62CFD8EF153}.Release|Any CPU.ActiveCfg = Release|Any CPU
		{BF914190-6375-4F58-8240-A62CFD8EF153}.Release|Any CPU.Build.0 = Release|Any CPU
		{3A511F93-CD07-484C-9075-89BFF7EE5F38}.Debug|Any CPU.ActiveCfg = Debug|Any CPU
		{3A511F93-CD07-484C-9075-89BFF7EE5F38}.Debug|Any CPU.Build.0 = Debug|Any CPU
		{3A511F93-CD07-484C-9075-89BFF7EE5F38}.Release|Any CPU.ActiveCfg = Release|Any CPU
		{3A511F93-CD07-484C-9075-89BFF7EE5F38}.Release|Any CPU.Build.0 = Release|Any CPU
		{0F15A2A7-DB0D-4F9C-B5F4-B008B18246BA}.Debug|Any CPU.ActiveCfg = Debug|Any CPU
		{0F15A2A7-DB0D-4F9C-B5F4-B008B18246BA}.Debug|Any CPU.Build.0 = Debug|Any CPU
		{0F15A2A7-DB0D-4F9C-B5F4-B008B18246BA}.Release|Any CPU.ActiveCfg = Release|Any CPU
		{0F15A2A7-DB0D-4F9C-B5F4-B008B18246BA}.Release|Any CPU.Build.0 = Release|Any CPU
		{9C5F6717-AA3F-461F-9083-DDB906536B50}.Debug|Any CPU.ActiveCfg = Debug|Any CPU
		{9C5F6717-AA3F-461F-9083-DDB906536B50}.Debug|Any CPU.Build.0 = Debug|Any CPU
		{9C5F6717-AA3F-461F-9083-DDB906536B50}.Release|Any CPU.ActiveCfg = Release|Any CPU
		{9C5F6717-AA3F-461F-9083-DDB906536B50}.Release|Any CPU.Build.0 = Release|Any CPU
		{E47C9916-4CAF-4C8D-90A2-0CA6E25044CC}.Debug|Any CPU.ActiveCfg = Debug|Any CPU
		{E47C9916-4CAF-4C8D-90A2-0CA6E25044CC}.Debug|Any CPU.Build.0 = Debug|Any CPU
		{E47C9916-4CAF-4C8D-90A2-0CA6E25044CC}.Release|Any CPU.ActiveCfg = Release|Any CPU
		{E47C9916-4CAF-4C8D-90A2-0CA6E25044CC}.Release|Any CPU.Build.0 = Release|Any CPU
		{22A2D9C3-570F-452A-810A-988D376CD2E8}.Debug|Any CPU.ActiveCfg = Debug|Any CPU
		{22A2D9C3-570F-452A-810A-988D376CD2E8}.Debug|Any CPU.Build.0 = Debug|Any CPU
		{22A2D9C3-570F-452A-810A-988D376CD2E8}.Release|Any CPU.ActiveCfg = Release|Any CPU
		{22A2D9C3-570F-452A-810A-988D376CD2E8}.Release|Any CPU.Build.0 = Release|Any CPU
		{8137BB66-337C-4E30-874F-C325B0145414}.Debug|Any CPU.ActiveCfg = Debug|Any CPU
		{8137BB66-337C-4E30-874F-C325B0145414}.Debug|Any CPU.Build.0 = Debug|Any CPU
		{8137BB66-337C-4E30-874F-C325B0145414}.Release|Any CPU.ActiveCfg = Release|Any CPU
		{8137BB66-337C-4E30-874F-C325B0145414}.Release|Any CPU.Build.0 = Release|Any CPU
		{FEF340DB-BD1C-4BA0-B235-DE3C4568FDDB}.Debug|Any CPU.ActiveCfg = Debug|Any CPU
		{FEF340DB-BD1C-4BA0-B235-DE3C4568FDDB}.Debug|Any CPU.Build.0 = Debug|Any CPU
		{FEF340DB-BD1C-4BA0-B235-DE3C4568FDDB}.Release|Any CPU.ActiveCfg = Release|Any CPU
		{FEF340DB-BD1C-4BA0-B235-DE3C4568FDDB}.Release|Any CPU.Build.0 = Release|Any CPU
		{05BE1200-279F-4B02-A245-1C22144C179E}.Debug|Any CPU.ActiveCfg = Debug|Any CPU
		{05BE1200-279F-4B02-A245-1C22144C179E}.Debug|Any CPU.Build.0 = Debug|Any CPU
		{05BE1200-279F-4B02-A245-1C22144C179E}.Release|Any CPU.ActiveCfg = Release|Any CPU
		{05BE1200-279F-4B02-A245-1C22144C179E}.Release|Any CPU.Build.0 = Release|Any CPU
		{D39A4061-ADAA-4D7D-B919-5FAFC4B6987E}.Debug|Any CPU.ActiveCfg = Debug|Any CPU
		{D39A4061-ADAA-4D7D-B919-5FAFC4B6987E}.Debug|Any CPU.Build.0 = Debug|Any CPU
		{D39A4061-ADAA-4D7D-B919-5FAFC4B6987E}.Release|Any CPU.ActiveCfg = Release|Any CPU
		{D39A4061-ADAA-4D7D-B919-5FAFC4B6987E}.Release|Any CPU.Build.0 = Release|Any CPU
		{7BFF1FA9-04E3-4817-B220-604CC2416C93}.Debug|Any CPU.ActiveCfg = Debug|Any CPU
		{7BFF1FA9-04E3-4817-B220-604CC2416C93}.Debug|Any CPU.Build.0 = Debug|Any CPU
		{7BFF1FA9-04E3-4817-B220-604CC2416C93}.Release|Any CPU.ActiveCfg = Release|Any CPU
		{7BFF1FA9-04E3-4817-B220-604CC2416C93}.Release|Any CPU.Build.0 = Release|Any CPU
		{D6E38879-722D-44BA-80D6-ED0F2F8D5F78}.Debug|Any CPU.ActiveCfg = Debug|Any CPU
		{D6E38879-722D-44BA-80D6-ED0F2F8D5F78}.Debug|Any CPU.Build.0 = Debug|Any CPU
		{D6E38879-722D-44BA-80D6-ED0F2F8D5F78}.Release|Any CPU.ActiveCfg = Release|Any CPU
		{D6E38879-722D-44BA-80D6-ED0F2F8D5F78}.Release|Any CPU.Build.0 = Release|Any CPU
		{82604F3E-9EAD-44A9-B735-33D6A948401F}.Debug|Any CPU.ActiveCfg = Debug|Any CPU
		{82604F3E-9EAD-44A9-B735-33D6A948401F}.Debug|Any CPU.Build.0 = Debug|Any CPU
		{82604F3E-9EAD-44A9-B735-33D6A948401F}.Release|Any CPU.ActiveCfg = Release|Any CPU
		{82604F3E-9EAD-44A9-B735-33D6A948401F}.Release|Any CPU.Build.0 = Release|Any CPU
		{A4520ADE-C2DD-4B48-85BC-F4E2BA5F06CF}.Debug|Any CPU.ActiveCfg = Debug|Any CPU
		{A4520ADE-C2DD-4B48-85BC-F4E2BA5F06CF}.Debug|Any CPU.Build.0 = Debug|Any CPU
		{A4520ADE-C2DD-4B48-85BC-F4E2BA5F06CF}.Release|Any CPU.ActiveCfg = Release|Any CPU
		{A4520ADE-C2DD-4B48-85BC-F4E2BA5F06CF}.Release|Any CPU.Build.0 = Release|Any CPU
	EndGlobalSection
	GlobalSection(SolutionProperties) = preSolution
		HideSolutionNode = FALSE
	EndGlobalSection
	GlobalSection(NestedProjects) = preSolution
		{046F0A54-6E25-4F39-BBEA-3967905A8D6C} = {CA7F123E-4B8A-4EA4-8FD6-686D61543EE4}
		{02BD9B9C-CC74-4D9E-B0A4-57F9367AF867} = {CA7F123E-4B8A-4EA4-8FD6-686D61543EE4}
		{BF914190-6375-4F58-8240-A62CFD8EF153} = {CA7F123E-4B8A-4EA4-8FD6-686D61543EE4}
		{3A511F93-CD07-484C-9075-89BFF7EE5F38} = {CA7F123E-4B8A-4EA4-8FD6-686D61543EE4}
		{0F15A2A7-DB0D-4F9C-B5F4-B008B18246BA} = {F861A066-33EB-4C7C-8E63-60AEFF6CEC14}
		{9C5F6717-AA3F-461F-9083-DDB906536B50} = {16C28A52-18DF-4C94-9CFD-5FC00CA799A1}
		{E47C9916-4CAF-4C8D-90A2-0CA6E25044CC} = {760F3913-B769-4396-ADA5-8109E99D6723}
		{22A2D9C3-570F-452A-810A-988D376CD2E8} = {760F3913-B769-4396-ADA5-8109E99D6723}
		{8137BB66-337C-4E30-874F-C325B0145414} = {A5E4F5F7-F94C-4370-8613-F63D96150635}
		{FEF340DB-BD1C-4BA0-B235-DE3C4568FDDB} = {F861A066-33EB-4C7C-8E63-60AEFF6CEC14}
		{05BE1200-279F-4B02-A245-1C22144C179E} = {A5E4F5F7-F94C-4370-8613-F63D96150635}
		{D39A4061-ADAA-4D7D-B919-5FAFC4B6987E} = {051E6C9F-E9D1-44A9-A584-7BB1AB7042CD}
		{7BFF1FA9-04E3-4817-B220-604CC2416C93} = {051E6C9F-E9D1-44A9-A584-7BB1AB7042CD}
		{D6E38879-722D-44BA-80D6-ED0F2F8D5F78} = {16C28A52-18DF-4C94-9CFD-5FC00CA799A1}
		{82604F3E-9EAD-44A9-B735-33D6A948401F} = {16C28A52-18DF-4C94-9CFD-5FC00CA799A1}
		{A4520ADE-C2DD-4B48-85BC-F4E2BA5F06CF} = {A5E4F5F7-F94C-4370-8613-F63D96150635}
	EndGlobalSection
	GlobalSection(ExtensibilityGlobals) = postSolution
		SolutionGuid = {2CD3EB72-4593-43BA-B3A4-39C2D1F19C74}
	EndGlobalSection
EndGlobal
